
Microsoft Visual Studio Solution File, Format Version 12.00
# Visual Studio Version 17
VisualStudioVersion = 17.0.31912.275
MinimumVisualStudioVersion = 10.0.40219.1
Project("{9A19103F-16F7-4668-BE54-9A1E7A4F7556}") = "eShopSolution.WebApp", "eShopSolution.WebApp\eShopSolution.WebApp.csproj", "{CBC921F8-F5D2-4888-A774-DE4836717173}"
EndProject
Project("{FAE04EC0-301F-11D3-BF4B-00C04F79EFBC}") = "eShopSolution.Data", "eShopSolution.Data\eShopSolution.Data.csproj", "{14B450BB-952F-46F0-9D54-B0B104D71FDE}"
EndProject
Project("{FAE04EC0-301F-11D3-BF4B-00C04F79EFBC}") = "eShopSolution.Application", "eShopSolution.Application\eShopSolution.Application.csproj", "{B83C0525-E154-4F9B-90C5-1481F9934AD6}"
EndProject
Global
	GlobalSection(SolutionConfigurationPlatforms) = preSolution
		Debug|Any CPU = Debug|Any CPU
		Release|Any CPU = Release|Any CPU
	EndGlobalSection
	GlobalSection(ProjectConfigurationPlatforms) = postSolution
		{CBC921F8-F5D2-4888-A774-DE4836717173}.Debug|Any CPU.ActiveCfg = Debug|Any CPU
		{CBC921F8-F5D2-4888-A774-DE4836717173}.Debug|Any CPU.Build.0 = Debug|Any CPU
		{CBC921F8-F5D2-4888-A774-DE4836717173}.Release|Any CPU.ActiveCfg = Release|Any CPU
		{CBC921F8-F5D2-4888-A774-DE4836717173}.Release|Any CPU.Build.0 = Release|Any CPU
		{14B450BB-952F-46F0-9D54-B0B104D71FDE}.Debug|Any CPU.ActiveCfg = Debug|Any CPU
		{14B450BB-952F-46F0-9D54-B0B104D71FDE}.Debug|Any CPU.Build.0 = Debug|Any CPU
		{14B450BB-952F-46F0-9D54-B0B104D71FDE}.Release|Any CPU.ActiveCfg = Release|Any CPU
		{14B450BB-952F-46F0-9D54-B0B104D71FDE}.Release|Any CPU.Build.0 = Release|Any CPU
		{B83C0525-E154-4F9B-90C5-1481F9934AD6}.Debug|Any CPU.ActiveCfg = Debug|Any CPU
		{B83C0525-E154-4F9B-90C5-1481F9934AD6}.Debug|Any CPU.Build.0 = Debug|Any CPU
		{B83C0525-E154-4F9B-90C5-1481F9934AD6}.Release|Any CPU.ActiveCfg = Release|Any CPU
		{B83C0525-E154-4F9B-90C5-1481F9934AD6}.Release|Any CPU.Build.0 = Release|Any CPU
	EndGlobalSection
	GlobalSection(SolutionProperties) = preSolution
		HideSolutionNode = FALSE
	EndGlobalSection
	GlobalSection(ExtensibilityGlobals) = postSolution
		SolutionGuid = {DDC19D85-B2B2-4621-9B2F-B06189474EBC}
	EndGlobalSection
EndGlobal
